{
  "name": "transform-gartic-phone-gif",
  "version": "1.0.0",
  "lockfileVersion": 3,
  "requires": true,
  "packages": {
    "": {
      "name": "transform-gartic-phone-gif",
      "version": "1.0.0",
      "license": "ISC",
      "dependencies": {
        "imagescript": "^1.2.18"
      }
    },
    "node_modules/imagescript": {
      "version": "1.2.18",
      "resolved": "https://registry.npmjs.org/imagescript/-/imagescript-1.2.18.tgz",
      "integrity": "sha512-8AwTawraXovLo2PgKvFt96SZqJDwl0CnHDyrtoPUQHMmoA7u9M8EnqFZwCofSM+Uo623Z580iKW74bs2fzjoYQ==",
      "engines": {
        "node": ">=14.0.0"
      }
    }
  }
}
